// !$*UTF8*$!
{
	archiveVersion = 1;
	classes = {
	};
	objectVersion = 56;
	objects = {

/* Begin PBXBuildFile section */
		452054DE29F1F1D3003978D8 /* Assets.xcassets in Resources */ = {isa = PBXBuildFile; fileRef = 4522AA7F29E856550056D6BA /* Assets.xcassets */; };
		4522AA7C29E856540056D6BA /* ArmedApp.swift in Sources */ = {isa = PBXBuildFile; fileRef = 4522AA7B29E856540056D6BA /* ArmedApp.swift */; };
		4522AA7E29E856540056D6BA /* ContentView.swift in Sources */ = {isa = PBXBuildFile; fileRef = 4522AA7D29E856540056D6BA /* ContentView.swift */; };
		4522AA8329E856550056D6BA /* Preview Assets.xcassets in Resources */ = {isa = PBXBuildFile; fileRef = 4522AA8229E856550056D6BA /* Preview Assets.xcassets */; };
		4522AA8C29E856C20056D6BA /* ArmedVM.swift in Sources */ = {isa = PBXBuildFile; fileRef = 4522AA8B29E856C20056D6BA /* ArmedVM.swift */; };
		4522AA8F29E8576E0056D6BA /* IOKit.framework in Frameworks */ = {isa = PBXBuildFile; fileRef = 4522AA8E29E8576E0056D6BA /* IOKit.framework */; };
		4522AA9129E861A60056D6BA /* WarnTimerView.swift in Sources */ = {isa = PBXBuildFile; fileRef = 4522AA9029E861A60056D6BA /* WarnTimerView.swift */; };
		454032B629FF7F1F00C8C08C /* Armed_watchOSApp.swift in Sources */ = {isa = PBXBuildFile; fileRef = 454032B529FF7F1F00C8C08C /* Armed_watchOSApp.swift */; };
		454032B829FF7F1F00C8C08C /* ContentView.swift in Sources */ = {isa = PBXBuildFile; fileRef = 454032B729FF7F1F00C8C08C /* ContentView.swift */; };
		454032BA29FF7F1F00C8C08C /* Assets.xcassets in Resources */ = {isa = PBXBuildFile; fileRef = 454032B929FF7F1F00C8C08C /* Assets.xcassets */; };
		454032BD29FF7F1F00C8C08C /* Preview Assets.xcassets in Resources */ = {isa = PBXBuildFile; fileRef = 454032BC29FF7F1F00C8C08C /* Preview Assets.xcassets */; };
		454032C629FF846500C8C08C /* CloudPhotosView.swift in Sources */ = {isa = PBXBuildFile; fileRef = 454B2CF229ED33D100F8E1BA /* CloudPhotosView.swift */; };
		454032C729FF846900C8C08C /* ArmedModels.xcdatamodeld in Sources */ = {isa = PBXBuildFile; fileRef = 454B2CC729EC003D00F8E1BA /* ArmedModels.xcdatamodeld */; };
		454032C829FF846B00C8C08C /* Persistence.swift in Sources */ = {isa = PBXBuildFile; fileRef = 454B2CC229EC000C00F8E1BA /* Persistence.swift */; };
		454483512A0AE2FB0080EA38 /* Defaults in Frameworks */ = {isa = PBXBuildFile; productRef = 454483502A0AE2FB0080EA38 /* Defaults */; };
		454483592A0B07B60080EA38 /* Defaults in Frameworks */ = {isa = PBXBuildFile; productRef = 454483582A0B07B60080EA38 /* Defaults */; };
		4544835B2A0B07BA0080EA38 /* Defaults in Frameworks */ = {isa = PBXBuildFile; productRef = 4544835A2A0B07BA0080EA38 /* Defaults */; };
		454B2C8A29EBC9AF00F8E1BA /* MenuView.swift in Sources */ = {isa = PBXBuildFile; fileRef = 454B2C8929EBC9AF00F8E1BA /* MenuView.swift */; };
		454B2CA129EBDB4700F8E1BA /* MacControlCenterUI in Frameworks */ = {isa = PBXBuildFile; productRef = 454B2CA029EBDB4700F8E1BA /* MacControlCenterUI */; };
		454B2CC329EC000C00F8E1BA /* Persistence.swift in Sources */ = {isa = PBXBuildFile; fileRef = 454B2CC229EC000C00F8E1BA /* Persistence.swift */; };
		454B2CD129ED318A00F8E1BA /* ArmedModels.xcdatamodeld in Sources */ = {isa = PBXBuildFile; fileRef = 454B2CC729EC003D00F8E1BA /* ArmedModels.xcdatamodeld */; };
		454B2CF329ED33D100F8E1BA /* CloudPhotosView.swift in Sources */ = {isa = PBXBuildFile; fileRef = 454B2CF229ED33D100F8E1BA /* CloudPhotosView.swift */; };
		454B2D1229ED465700F8E1BA /* Armed_iOSApp.swift in Sources */ = {isa = PBXBuildFile; fileRef = 454B2D1129ED465700F8E1BA /* Armed_iOSApp.swift */; };
		454B2D1429ED465700F8E1BA /* ContentView.swift in Sources */ = {isa = PBXBuildFile; fileRef = 454B2D1329ED465700F8E1BA /* ContentView.swift */; };
		454B2D1629ED465800F8E1BA /* Assets.xcassets in Resources */ = {isa = PBXBuildFile; fileRef = 454B2D1529ED465800F8E1BA /* Assets.xcassets */; };
		454B2D1929ED465800F8E1BA /* Preview Assets.xcassets in Resources */ = {isa = PBXBuildFile; fileRef = 454B2D1829ED465800F8E1BA /* Preview Assets.xcassets */; };
		454B2D2529ED467C00F8E1BA /* ArmedModels.xcdatamodeld in Sources */ = {isa = PBXBuildFile; fileRef = 454B2CC729EC003D00F8E1BA /* ArmedModels.xcdatamodeld */; };
		454B2D2629ED467E00F8E1BA /* Persistence.swift in Sources */ = {isa = PBXBuildFile; fileRef = 454B2CC229EC000C00F8E1BA /* Persistence.swift */; };
		454B2D2929ED475400F8E1BA /* CloudPhotosView.swift in Sources */ = {isa = PBXBuildFile; fileRef = 454B2CF229ED33D100F8E1BA /* CloudPhotosView.swift */; };
		513CB1182CA6788B0055A31F /* WindowController.swift in Sources */ = {isa = PBXBuildFile; fileRef = 513CB1172CA6788B0055A31F /* WindowController.swift */; };
		51E107AD2CA59C41000B164A /* Assets in Frameworks */ = {isa = PBXBuildFile; productRef = 51E107AC2CA59C41000B164A /* Assets */; };
		51E107AF2CA59C41000B164A /* BatteryClient in Frameworks */ = {isa = PBXBuildFile; productRef = 51E107AE2CA59C41000B164A /* BatteryClient */; };
		51E107B12CA59C41000B164A /* CameraClient in Frameworks */ = {isa = PBXBuildFile; productRef = 51E107B02CA59C41000B164A /* CameraClient */; };
		51E107B32CA59C41000B164A /* PlayerClient in Frameworks */ = {isa = PBXBuildFile; productRef = 51E107B22CA59C41000B164A /* PlayerClient */; };
		51E107B52CA59C41000B164A /* Shared in Frameworks */ = {isa = PBXBuildFile; productRef = 51E107B42CA59C41000B164A /* Shared */; };
		51E107B72CA59C41000B164A /* UI in Frameworks */ = {isa = PBXBuildFile; productRef = 51E107B62CA59C41000B164A /* UI */; };
		51E107BA2CA5A1AB000B164A /* CameraView.swift in Sources */ = {isa = PBXBuildFile; fileRef = 51E107B92CA5A1AB000B164A /* CameraView.swift */; };
		51E107C42CA5A1CC000B164A /* ImageBufferRow.swift in Sources */ = {isa = PBXBuildFile; fileRef = 51E107C32CA5A1CC000B164A /* ImageBufferRow.swift */; };
		51E107C82CA5A209000B164A /* BufferImageModel.swift in Sources */ = {isa = PBXBuildFile; fileRef = 51E107C72CA5A209000B164A /* BufferImageModel.swift */; };
		51E107CA2CA5AFD9000B164A /* AppDelegate.swift in Sources */ = {isa = PBXBuildFile; fileRef = 51E107C92CA5AFD9000B164A /* AppDelegate.swift */; };
/* End PBXBuildFile section */

/* Begin PBXFileReference section */
		4522AA7829E856540056D6BA /* Armed macOS.app */ = {isa = PBXFileReference; explicitFileType = wrapper.application; includeInIndex = 0; path = "Armed macOS.app"; sourceTree = BUILT_PRODUCTS_DIR; };
		4522AA7B29E856540056D6BA /* ArmedApp.swift */ = {isa = PBXFileReference; lastKnownFileType = sourcecode.swift; path = ArmedApp.swift; sourceTree = "<group>"; };
		4522AA7D29E856540056D6BA /* ContentView.swift */ = {isa = PBXFileReference; lastKnownFileType = sourcecode.swift; path = ContentView.swift; sourceTree = "<group>"; };
		4522AA7F29E856550056D6BA /* Assets.xcassets */ = {isa = PBXFileReference; lastKnownFileType = folder.assetcatalog; path = Assets.xcassets; sourceTree = "<group>"; };
		4522AA8229E856550056D6BA /* Preview Assets.xcassets */ = {isa = PBXFileReference; lastKnownFileType = folder.assetcatalog; path = "Preview Assets.xcassets"; sourceTree = "<group>"; };
		4522AA8429E856550056D6BA /* Armed.entitlements */ = {isa = PBXFileReference; lastKnownFileType = text.plist.entitlements; path = Armed.entitlements; sourceTree = "<group>"; };
		4522AA8B29E856C20056D6BA /* ArmedVM.swift */ = {isa = PBXFileReference; lastKnownFileType = sourcecode.swift; path = ArmedVM.swift; sourceTree = "<group>"; };
		4522AA8E29E8576E0056D6BA /* IOKit.framework */ = {isa = PBXFileReference; lastKnownFileType = wrapper.framework; name = IOKit.framework; path = System/Library/Frameworks/IOKit.framework; sourceTree = SDKROOT; };
		4522AA9029E861A60056D6BA /* WarnTimerView.swift */ = {isa = PBXFileReference; lastKnownFileType = sourcecode.swift; path = WarnTimerView.swift; sourceTree = "<group>"; };
		454032B329FF7F1F00C8C08C /* Armed.app */ = {isa = PBXFileReference; explicitFileType = wrapper.application; includeInIndex = 0; path = Armed.app; sourceTree = BUILT_PRODUCTS_DIR; };
		454032B529FF7F1F00C8C08C /* Armed_watchOSApp.swift */ = {isa = PBXFileReference; lastKnownFileType = sourcecode.swift; path = Armed_watchOSApp.swift; sourceTree = "<group>"; };
		454032B729FF7F1F00C8C08C /* ContentView.swift */ = {isa = PBXFileReference; lastKnownFileType = sourcecode.swift; path = ContentView.swift; sourceTree = "<group>"; };
		454032B929FF7F1F00C8C08C /* Assets.xcassets */ = {isa = PBXFileReference; lastKnownFileType = folder.assetcatalog; path = Assets.xcassets; sourceTree = "<group>"; };
		454032BC29FF7F1F00C8C08C /* Preview Assets.xcassets */ = {isa = PBXFileReference; lastKnownFileType = folder.assetcatalog; path = "Preview Assets.xcassets"; sourceTree = "<group>"; };
		454032C529FF844E00C8C08C /* Armed watchOS.entitlements */ = {isa = PBXFileReference; lastKnownFileType = text.plist.entitlements; path = "Armed watchOS.entitlements"; sourceTree = "<group>"; };
		454B2C8929EBC9AF00F8E1BA /* MenuView.swift */ = {isa = PBXFileReference; lastKnownFileType = sourcecode.swift; path = MenuView.swift; sourceTree = "<group>"; };
		454B2CC229EC000C00F8E1BA /* Persistence.swift */ = {isa = PBXFileReference; lastKnownFileType = sourcecode.swift; path = Persistence.swift; sourceTree = "<group>"; };
		454B2CC829EC003D00F8E1BA /* CloudImage.xcdatamodel */ = {isa = PBXFileReference; lastKnownFileType = wrapper.xcdatamodel; path = CloudImage.xcdatamodel; sourceTree = "<group>"; };
		454B2CF229ED33D100F8E1BA /* CloudPhotosView.swift */ = {isa = PBXFileReference; lastKnownFileType = sourcecode.swift; path = CloudPhotosView.swift; sourceTree = "<group>"; };
		454B2D0F29ED465700F8E1BA /* Armed iOS.app */ = {isa = PBXFileReference; explicitFileType = wrapper.application; includeInIndex = 0; path = "Armed iOS.app"; sourceTree = BUILT_PRODUCTS_DIR; };
		454B2D1129ED465700F8E1BA /* Armed_iOSApp.swift */ = {isa = PBXFileReference; lastKnownFileType = sourcecode.swift; path = Armed_iOSApp.swift; sourceTree = "<group>"; };
		454B2D1329ED465700F8E1BA /* ContentView.swift */ = {isa = PBXFileReference; lastKnownFileType = sourcecode.swift; path = ContentView.swift; sourceTree = "<group>"; };
		454B2D1529ED465800F8E1BA /* Assets.xcassets */ = {isa = PBXFileReference; lastKnownFileType = folder.assetcatalog; path = Assets.xcassets; sourceTree = "<group>"; };
		454B2D1829ED465800F8E1BA /* Preview Assets.xcassets */ = {isa = PBXFileReference; lastKnownFileType = folder.assetcatalog; path = "Preview Assets.xcassets"; sourceTree = "<group>"; };
		454B2D1F29ED465800F8E1BA /* Info.plist */ = {isa = PBXFileReference; lastKnownFileType = text.plist.xml; path = Info.plist; sourceTree = "<group>"; };
		454B2D2A29ED476300F8E1BA /* Armed iOS.entitlements */ = {isa = PBXFileReference; lastKnownFileType = text.plist.entitlements; path = "Armed iOS.entitlements"; sourceTree = "<group>"; };
		4562557C2A0054F00042A3CF /* Armed-macOS-Info.plist */ = {isa = PBXFileReference; lastKnownFileType = text.plist; path = "Armed-macOS-Info.plist"; sourceTree = "<group>"; };
		513CB1172CA6788B0055A31F /* WindowController.swift */ = {isa = PBXFileReference; lastKnownFileType = sourcecode.swift; path = WindowController.swift; sourceTree = "<group>"; };
		513CB11A2CA68B230055A31F /* ci_post_clone.sh */ = {isa = PBXFileReference; lastKnownFileType = text.script.sh; path = ci_post_clone.sh; sourceTree = "<group>"; };
		51A7507F2CA5860900C852BA /* ArmedKit */ = {isa = PBXFileReference; lastKnownFileType = wrapper; path = ArmedKit; sourceTree = "<group>"; };
		51E107B92CA5A1AB000B164A /* CameraView.swift */ = {isa = PBXFileReference; lastKnownFileType = sourcecode.swift; path = CameraView.swift; sourceTree = "<group>"; };
		51E107C32CA5A1CC000B164A /* ImageBufferRow.swift */ = {isa = PBXFileReference; lastKnownFileType = sourcecode.swift; path = ImageBufferRow.swift; sourceTree = "<group>"; };
		51E107C72CA5A209000B164A /* BufferImageModel.swift */ = {isa = PBXFileReference; lastKnownFileType = sourcecode.swift; path = BufferImageModel.swift; sourceTree = "<group>"; };
		51E107C92CA5AFD9000B164A /* AppDelegate.swift */ = {isa = PBXFileReference; lastKnownFileType = sourcecode.swift; path = AppDelegate.swift; sourceTree = "<group>"; };
/* End PBXFileReference section */

/* Begin PBXFrameworksBuildPhase section */
		4522AA7529E856540056D6BA /* Frameworks */ = {
			isa = PBXFrameworksBuildPhase;
			buildActionMask = 2147483647;
			files = (
				51E107B72CA59C41000B164A /* UI in Frameworks */,
				51E107B32CA59C41000B164A /* PlayerClient in Frameworks */,
				51E107AD2CA59C41000B164A /* Assets in Frameworks */,
				4522AA8F29E8576E0056D6BA /* IOKit.framework in Frameworks */,
				51E107AF2CA59C41000B164A /* BatteryClient in Frameworks */,
				51E107B52CA59C41000B164A /* Shared in Frameworks */,
				51E107B12CA59C41000B164A /* CameraClient in Frameworks */,
				454B2CA129EBDB4700F8E1BA /* MacControlCenterUI in Frameworks */,
				454483512A0AE2FB0080EA38 /* Defaults in Frameworks */,
			);
			runOnlyForDeploymentPostprocessing = 0;
		};
		454032B029FF7F1F00C8C08C /* Frameworks */ = {
			isa = PBXFrameworksBuildPhase;
			buildActionMask = 2147483647;
			files = (
				4544835B2A0B07BA0080EA38 /* Defaults in Frameworks */,
			);
			runOnlyForDeploymentPostprocessing = 0;
		};
		454B2D0C29ED465700F8E1BA /* Frameworks */ = {
			isa = PBXFrameworksBuildPhase;
			buildActionMask = 2147483647;
			files = (
				454483592A0B07B60080EA38 /* Defaults in Frameworks */,
			);
			runOnlyForDeploymentPostprocessing = 0;
		};
/* End PBXFrameworksBuildPhase section */

/* Begin PBXGroup section */
		4522AA6F29E856540056D6BA = {
			isa = PBXGroup;
			children = (
				513CB1192CA68B0C0055A31F /* ci_scripts */,
				51A7507F2CA5860900C852BA /* ArmedKit */,
				4562557C2A0054F00042A3CF /* Armed-macOS-Info.plist */,
				454B2D2429ED466E00F8E1BA /* Shared */,
				4522AA7A29E856540056D6BA /* Armed */,
				454B2D1029ED465700F8E1BA /* Armed iOS */,
				454032B429FF7F1F00C8C08C /* Armed watchOS */,
				4522AA7929E856540056D6BA /* Products */,
				4522AA8D29E8576E0056D6BA /* Frameworks */,
			);
			sourceTree = "<group>";
		};
		4522AA7929E856540056D6BA /* Products */ = {
			isa = PBXGroup;
			children = (
				4522AA7829E856540056D6BA /* Armed macOS.app */,
				454B2D0F29ED465700F8E1BA /* Armed iOS.app */,
				454032B329FF7F1F00C8C08C /* Armed.app */,
			);
			name = Products;
			sourceTree = "<group>";
		};
		4522AA7A29E856540056D6BA /* Armed */ = {
			isa = PBXGroup;
			children = (
				51E107C92CA5AFD9000B164A /* AppDelegate.swift */,
				4522AA7B29E856540056D6BA /* ArmedApp.swift */,
				454B2C8029EACD2D00F8E1BA /* Views */,
				454B2C7F29EACD2700F8E1BA /* ViewModels */,
				4522AA7F29E856550056D6BA /* Assets.xcassets */,
				4522AA8429E856550056D6BA /* Armed.entitlements */,
				4522AA8129E856550056D6BA /* Preview Content */,
			);
			path = Armed;
			sourceTree = "<group>";
		};
		4522AA8129E856550056D6BA /* Preview Content */ = {
			isa = PBXGroup;
			children = (
				4522AA8229E856550056D6BA /* Preview Assets.xcassets */,
			);
			path = "Preview Content";
			sourceTree = "<group>";
		};
		4522AA8D29E8576E0056D6BA /* Frameworks */ = {
			isa = PBXGroup;
			children = (
				454B2D1F29ED465800F8E1BA /* Info.plist */,
				4522AA8E29E8576E0056D6BA /* IOKit.framework */,
			);
			name = Frameworks;
			sourceTree = "<group>";
		};
		454032B429FF7F1F00C8C08C /* Armed watchOS */ = {
			isa = PBXGroup;
			children = (
				454032C529FF844E00C8C08C /* Armed watchOS.entitlements */,
				454032B529FF7F1F00C8C08C /* Armed_watchOSApp.swift */,
				454032B729FF7F1F00C8C08C /* ContentView.swift */,
				454032B929FF7F1F00C8C08C /* Assets.xcassets */,
				454032BB29FF7F1F00C8C08C /* Preview Content */,
			);
			path = "Armed watchOS";
			sourceTree = "<group>";
		};
		454032BB29FF7F1F00C8C08C /* Preview Content */ = {
			isa = PBXGroup;
			children = (
				454032BC29FF7F1F00C8C08C /* Preview Assets.xcassets */,
			);
			path = "Preview Content";
			sourceTree = "<group>";
		};
		454B2C7F29EACD2700F8E1BA /* ViewModels */ = {
			isa = PBXGroup;
			children = (
				4522AA8B29E856C20056D6BA /* ArmedVM.swift */,
			);
			path = ViewModels;
			sourceTree = "<group>";
		};
		454B2C8029EACD2D00F8E1BA /* Views */ = {
			isa = PBXGroup;
			children = (
				4522AA7D29E856540056D6BA /* ContentView.swift */,
				454B2C8929EBC9AF00F8E1BA /* MenuView.swift */,
				454B2D0629ED42CE00F8E1BA /* FloatingWindow */,
			);
			path = Views;
			sourceTree = "<group>";
		};
		454B2D0629ED42CE00F8E1BA /* FloatingWindow */ = {
			isa = PBXGroup;
			children = (
				513CB1172CA6788B0055A31F /* WindowController.swift */,
				51E107B82CA5A1A1000B164A /* WarnTimer */,
			);
			path = FloatingWindow;
			sourceTree = "<group>";
		};
		454B2D0829ED433F00F8E1BA /* CoreData */ = {
			isa = PBXGroup;
			children = (
				454B2CC729EC003D00F8E1BA /* ArmedModels.xcdatamodeld */,
				454B2CC229EC000C00F8E1BA /* Persistence.swift */,
			);
			path = CoreData;
			sourceTree = "<group>";
		};
		454B2D1029ED465700F8E1BA /* Armed iOS */ = {
			isa = PBXGroup;
			children = (
				454B2D2A29ED476300F8E1BA /* Armed iOS.entitlements */,
				454B2D1129ED465700F8E1BA /* Armed_iOSApp.swift */,
				454B2D1329ED465700F8E1BA /* ContentView.swift */,
				454B2D1529ED465800F8E1BA /* Assets.xcassets */,
				454B2D1729ED465800F8E1BA /* Preview Content */,
			);
			path = "Armed iOS";
			sourceTree = "<group>";
		};
		454B2D1729ED465800F8E1BA /* Preview Content */ = {
			isa = PBXGroup;
			children = (
				454B2D1829ED465800F8E1BA /* Preview Assets.xcassets */,
			);
			path = "Preview Content";
			sourceTree = "<group>";
		};
		454B2D2429ED466E00F8E1BA /* Shared */ = {
			isa = PBXGroup;
			children = (
				454B2D2B29EF2D0F00F8E1BA /* Views */,
				454B2D0829ED433F00F8E1BA /* CoreData */,
			);
			path = Shared;
			sourceTree = "<group>";
		};
		454B2D2B29EF2D0F00F8E1BA /* Views */ = {
			isa = PBXGroup;
			children = (
				454B2CF229ED33D100F8E1BA /* CloudPhotosView.swift */,
			);
			path = Views;
			sourceTree = "<group>";
		};
		513CB1192CA68B0C0055A31F /* ci_scripts */ = {
			isa = PBXGroup;
			children = (
				513CB11A2CA68B230055A31F /* ci_post_clone.sh */,
			);
			path = ci_scripts;
			sourceTree = "<group>";
		};
		51E107B82CA5A1A1000B164A /* WarnTimer */ = {
			isa = PBXGroup;
			children = (
				51E107C72CA5A209000B164A /* BufferImageModel.swift */,
				51E107C32CA5A1CC000B164A /* ImageBufferRow.swift */,
				51E107B92CA5A1AB000B164A /* CameraView.swift */,
				4522AA9029E861A60056D6BA /* WarnTimerView.swift */,
			);
			path = WarnTimer;
			sourceTree = "<group>";
		};
/* End PBXGroup section */

/* Begin PBXNativeTarget section */
		4522AA7729E856540056D6BA /* Armed macOS */ = {
			isa = PBXNativeTarget;
			buildConfigurationList = 4522AA8729E856550056D6BA /* Build configuration list for PBXNativeTarget "Armed macOS" */;
			buildPhases = (
				4522AA7429E856540056D6BA /* Sources */,
				4522AA7529E856540056D6BA /* Frameworks */,
				4522AA7629E856540056D6BA /* Resources */,
			);
			buildRules = (
			);
			dependencies = (
			);
			name = "Armed macOS";
			packageProductDependencies = (
				454B2CA029EBDB4700F8E1BA /* MacControlCenterUI */,
				454483502A0AE2FB0080EA38 /* Defaults */,
				51E107AC2CA59C41000B164A /* Assets */,
				51E107AE2CA59C41000B164A /* BatteryClient */,
				51E107B02CA59C41000B164A /* CameraClient */,
				51E107B22CA59C41000B164A /* PlayerClient */,
				51E107B42CA59C41000B164A /* Shared */,
				51E107B62CA59C41000B164A /* UI */,
			);
			productName = Armed;
			productReference = 4522AA7829E856540056D6BA /* Armed macOS.app */;
			productType = "com.apple.product-type.application";
		};
		454032B229FF7F1F00C8C08C /* Armed watchOS */ = {
			isa = PBXNativeTarget;
			buildConfigurationList = 454032C129FF7F1F00C8C08C /* Build configuration list for PBXNativeTarget "Armed watchOS" */;
			buildPhases = (
				454032AF29FF7F1F00C8C08C /* Sources */,
				454032B029FF7F1F00C8C08C /* Frameworks */,
				454032B129FF7F1F00C8C08C /* Resources */,
			);
			buildRules = (
			);
			dependencies = (
			);
			name = "Armed watchOS";
			packageProductDependencies = (
				4544835A2A0B07BA0080EA38 /* Defaults */,
			);
			productName = "Armed watchOS Watch App";
			productReference = 454032B329FF7F1F00C8C08C /* Armed.app */;
			productType = "com.apple.product-type.application";
		};
		454B2D0E29ED465700F8E1BA /* Armed iOS */ = {
			isa = PBXNativeTarget;
			buildConfigurationList = 454B2D2029ED465800F8E1BA /* Build configuration list for PBXNativeTarget "Armed iOS" */;
			buildPhases = (
				454B2D0B29ED465700F8E1BA /* Sources */,
				454B2D0C29ED465700F8E1BA /* Frameworks */,
				454B2D0D29ED465700F8E1BA /* Resources */,
			);
			buildRules = (
			);
			dependencies = (
			);
			name = "Armed iOS";
			packageProductDependencies = (
				454483582A0B07B60080EA38 /* Defaults */,
			);
			productName = "Armed iOS";
			productReference = 454B2D0F29ED465700F8E1BA /* Armed iOS.app */;
			productType = "com.apple.product-type.application";
		};
/* End PBXNativeTarget section */

/* Begin PBXProject section */
		4522AA7029E856540056D6BA /* Project object */ = {
			isa = PBXProject;
			attributes = {
				BuildIndependentTargetsInParallel = 1;
				LastSwiftUpdateCheck = 1430;
				LastUpgradeCheck = 1430;
				TargetAttributes = {
					4522AA7729E856540056D6BA = {
						CreatedOnToolsVersion = 14.3;
					};
					454032B229FF7F1F00C8C08C = {
						CreatedOnToolsVersion = 14.3;
					};
					454B2D0E29ED465700F8E1BA = {
						CreatedOnToolsVersion = 14.3;
					};
				};
			};
			buildConfigurationList = 4522AA7329E856540056D6BA /* Build configuration list for PBXProject "Armed" */;
			compatibilityVersion = "Xcode 14.0";
			developmentRegion = en;
			hasScannedForEncodings = 0;
			knownRegions = (
				en,
				Base,
			);
			mainGroup = 4522AA6F29E856540056D6BA;
			packageReferences = (
				4544834F2A0AE2FB0080EA38 /* XCRemoteSwiftPackageReference "Defaults" */,
			);
			productRefGroup = 4522AA7929E856540056D6BA /* Products */;
			projectDirPath = "";
			projectRoot = "";
			targets = (
				4522AA7729E856540056D6BA /* Armed macOS */,
				454B2D0E29ED465700F8E1BA /* Armed iOS */,
				454032B229FF7F1F00C8C08C /* Armed watchOS */,
			);
		};
/* End PBXProject section */

/* Begin PBXResourcesBuildPhase section */
		4522AA7629E856540056D6BA /* Resources */ = {
			isa = PBXResourcesBuildPhase;
			buildActionMask = 2147483647;
			files = (
				452054DE29F1F1D3003978D8 /* Assets.xcassets in Resources */,
				4522AA8329E856550056D6BA /* Preview Assets.xcassets in Resources */,
			);
			runOnlyForDeploymentPostprocessing = 0;
		};
		454032B129FF7F1F00C8C08C /* Resources */ = {
			isa = PBXResourcesBuildPhase;
			buildActionMask = 2147483647;
			files = (
				454032BD29FF7F1F00C8C08C /* Preview Assets.xcassets in Resources */,
				454032BA29FF7F1F00C8C08C /* Assets.xcassets in Resources */,
			);
			runOnlyForDeploymentPostprocessing = 0;
		};
		454B2D0D29ED465700F8E1BA /* Resources */ = {
			isa = PBXResourcesBuildPhase;
			buildActionMask = 2147483647;
			files = (
				454B2D1929ED465800F8E1BA /* Preview Assets.xcassets in Resources */,
				454B2D1629ED465800F8E1BA /* Assets.xcassets in Resources */,
			);
			runOnlyForDeploymentPostprocessing = 0;
		};
/* End PBXResourcesBuildPhase section */

/* Begin PBXSourcesBuildPhase section */
		4522AA7429E856540056D6BA /* Sources */ = {
			isa = PBXSourcesBuildPhase;
			buildActionMask = 2147483647;
			files = (
				454B2CC329EC000C00F8E1BA /* Persistence.swift in Sources */,
				454B2CF329ED33D100F8E1BA /* CloudPhotosView.swift in Sources */,
				51E107CA2CA5AFD9000B164A /* AppDelegate.swift in Sources */,
				454B2CD129ED318A00F8E1BA /* ArmedModels.xcdatamodeld in Sources */,
				454B2C8A29EBC9AF00F8E1BA /* MenuView.swift in Sources */,
				4522AA7E29E856540056D6BA /* ContentView.swift in Sources */,
				4522AA9129E861A60056D6BA /* WarnTimerView.swift in Sources */,
				51E107BA2CA5A1AB000B164A /* CameraView.swift in Sources */,
				4522AA8C29E856C20056D6BA /* ArmedVM.swift in Sources */,
				51E107C42CA5A1CC000B164A /* ImageBufferRow.swift in Sources */,
				4522AA7C29E856540056D6BA /* ArmedApp.swift in Sources */,
				513CB1182CA6788B0055A31F /* WindowController.swift in Sources */,
				51E107C82CA5A209000B164A /* BufferImageModel.swift in Sources */,
			);
			runOnlyForDeploymentPostprocessing = 0;
		};
		454032AF29FF7F1F00C8C08C /* Sources */ = {
			isa = PBXSourcesBuildPhase;
			buildActionMask = 2147483647;
			files = (
				454032B829FF7F1F00C8C08C /* ContentView.swift in Sources */,
				454032C729FF846900C8C08C /* ArmedModels.xcdatamodeld in Sources */,
				454032C629FF846500C8C08C /* CloudPhotosView.swift in Sources */,
				454032B629FF7F1F00C8C08C /* Armed_watchOSApp.swift in Sources */,
				454032C829FF846B00C8C08C /* Persistence.swift in Sources */,
			);
			runOnlyForDeploymentPostprocessing = 0;
		};
		454B2D0B29ED465700F8E1BA /* Sources */ = {
			isa = PBXSourcesBuildPhase;
			buildActionMask = 2147483647;
			files = (
				454B2D1429ED465700F8E1BA /* ContentView.swift in Sources */,
				454B2D2929ED475400F8E1BA /* CloudPhotosView.swift in Sources */,
				454B2D2629ED467E00F8E1BA /* Persistence.swift in Sources */,
				454B2D1229ED465700F8E1BA /* Armed_iOSApp.swift in Sources */,
				454B2D2529ED467C00F8E1BA /* ArmedModels.xcdatamodeld in Sources */,
			);
			runOnlyForDeploymentPostprocessing = 0;
		};
/* End PBXSourcesBuildPhase section */

/* Begin XCBuildConfiguration section */
		4522AA8529E856550056D6BA /* Debug */ = {
			isa = XCBuildConfiguration;
			buildSettings = {
				ALWAYS_SEARCH_USER_PATHS = NO;
				CLANG_ANALYZER_NONNULL = YES;
				CLANG_ANALYZER_NUMBER_OBJECT_CONVERSION = YES_AGGRESSIVE;
				CLANG_CXX_LANGUAGE_STANDARD = "gnu++20";
				CLANG_ENABLE_MODULES = YES;
				CLANG_ENABLE_OBJC_ARC = YES;
				CLANG_ENABLE_OBJC_WEAK = YES;
				CLANG_WARN_BLOCK_CAPTURE_AUTORELEASING = YES;
				CLANG_WARN_BOOL_CONVERSION = YES;
				CLANG_WARN_COMMA = YES;
				CLANG_WARN_CONSTANT_CONVERSION = YES;
				CLANG_WARN_DEPRECATED_OBJC_IMPLEMENTATIONS = YES;
				CLANG_WARN_DIRECT_OBJC_ISA_USAGE = YES_ERROR;
				CLANG_WARN_DOCUMENTATION_COMMENTS = YES;
				CLANG_WARN_EMPTY_BODY = YES;
				CLANG_WARN_ENUM_CONVERSION = YES;
				CLANG_WARN_INFINITE_RECURSION = YES;
				CLANG_WARN_INT_CONVERSION = YES;
				CLANG_WARN_NON_LITERAL_NULL_CONVERSION = YES;
				CLANG_WARN_OBJC_IMPLICIT_RETAIN_SELF = YES;
				CLANG_WARN_OBJC_LITERAL_CONVERSION = YES;
				CLANG_WARN_OBJC_ROOT_CLASS = YES_ERROR;
				CLANG_WARN_QUOTED_INCLUDE_IN_FRAMEWORK_HEADER = YES;
				CLANG_WARN_RANGE_LOOP_ANALYSIS = YES;
				CLANG_WARN_STRICT_PROTOTYPES = YES;
				CLANG_WARN_SUSPICIOUS_MOVE = YES;
				CLANG_WARN_UNGUARDED_AVAILABILITY = YES_AGGRESSIVE;
				CLANG_WARN_UNREACHABLE_CODE = YES;
				CLANG_WARN__DUPLICATE_METHOD_MATCH = YES;
				COPY_PHASE_STRIP = NO;
				DEBUG_INFORMATION_FORMAT = dwarf;
				ENABLE_STRICT_OBJC_MSGSEND = YES;
				ENABLE_TESTABILITY = YES;
				GCC_C_LANGUAGE_STANDARD = gnu11;
				GCC_DYNAMIC_NO_PIC = NO;
				GCC_NO_COMMON_BLOCKS = YES;
				GCC_OPTIMIZATION_LEVEL = 0;
				GCC_PREPROCESSOR_DEFINITIONS = (
					"DEBUG=1",
					"$(inherited)",
				);
				GCC_WARN_64_TO_32_BIT_CONVERSION = YES;
				GCC_WARN_ABOUT_RETURN_TYPE = YES_ERROR;
				GCC_WARN_UNDECLARED_SELECTOR = YES;
				GCC_WARN_UNINITIALIZED_AUTOS = YES_AGGRESSIVE;
				GCC_WARN_UNUSED_FUNCTION = YES;
				GCC_WARN_UNUSED_VARIABLE = YES;
				IPHONEOS_DEPLOYMENT_TARGET = 16.0;
				MACOSX_DEPLOYMENT_TARGET = 13.0;
				MTL_ENABLE_DEBUG_INFO = INCLUDE_SOURCE;
				MTL_FAST_MATH = YES;
				ONLY_ACTIVE_ARCH = YES;
				SDKROOT = macosx;
				SWIFT_ACTIVE_COMPILATION_CONDITIONS = DEBUG;
				SWIFT_OPTIMIZATION_LEVEL = "-Onone";
				WATCHOS_DEPLOYMENT_TARGET = 9.0;
			};
			name = Debug;
		};
		4522AA8629E856550056D6BA /* Release */ = {
			isa = XCBuildConfiguration;
			buildSettings = {
				ALWAYS_SEARCH_USER_PATHS = NO;
				CLANG_ANALYZER_NONNULL = YES;
				CLANG_ANALYZER_NUMBER_OBJECT_CONVERSION = YES_AGGRESSIVE;
				CLANG_CXX_LANGUAGE_STANDARD = "gnu++20";
				CLANG_ENABLE_MODULES = YES;
				CLANG_ENABLE_OBJC_ARC = YES;
				CLANG_ENABLE_OBJC_WEAK = YES;
				CLANG_WARN_BLOCK_CAPTURE_AUTORELEASING = YES;
				CLANG_WARN_BOOL_CONVERSION = YES;
				CLANG_WARN_COMMA = YES;
				CLANG_WARN_CONSTANT_CONVERSION = YES;
				CLANG_WARN_DEPRECATED_OBJC_IMPLEMENTATIONS = YES;
				CLANG_WARN_DIRECT_OBJC_ISA_USAGE = YES_ERROR;
				CLANG_WARN_DOCUMENTATION_COMMENTS = YES;
				CLANG_WARN_EMPTY_BODY = YES;
				CLANG_WARN_ENUM_CONVERSION = YES;
				CLANG_WARN_INFINITE_RECURSION = YES;
				CLANG_WARN_INT_CONVERSION = YES;
				CLANG_WARN_NON_LITERAL_NULL_CONVERSION = YES;
				CLANG_WARN_OBJC_IMPLICIT_RETAIN_SELF = YES;
				CLANG_WARN_OBJC_LITERAL_CONVERSION = YES;
				CLANG_WARN_OBJC_ROOT_CLASS = YES_ERROR;
				CLANG_WARN_QUOTED_INCLUDE_IN_FRAMEWORK_HEADER = YES;
				CLANG_WARN_RANGE_LOOP_ANALYSIS = YES;
				CLANG_WARN_STRICT_PROTOTYPES = YES;
				CLANG_WARN_SUSPICIOUS_MOVE = YES;
				CLANG_WARN_UNGUARDED_AVAILABILITY = YES_AGGRESSIVE;
				CLANG_WARN_UNREACHABLE_CODE = YES;
				CLANG_WARN__DUPLICATE_METHOD_MATCH = YES;
				COPY_PHASE_STRIP = NO;
				DEBUG_INFORMATION_FORMAT = "dwarf-with-dsym";
				ENABLE_NS_ASSERTIONS = NO;
				ENABLE_STRICT_OBJC_MSGSEND = YES;
				GCC_C_LANGUAGE_STANDARD = gnu11;
				GCC_NO_COMMON_BLOCKS = YES;
				GCC_WARN_64_TO_32_BIT_CONVERSION = YES;
				GCC_WARN_ABOUT_RETURN_TYPE = YES_ERROR;
				GCC_WARN_UNDECLARED_SELECTOR = YES;
				GCC_WARN_UNINITIALIZED_AUTOS = YES_AGGRESSIVE;
				GCC_WARN_UNUSED_FUNCTION = YES;
				GCC_WARN_UNUSED_VARIABLE = YES;
				IPHONEOS_DEPLOYMENT_TARGET = 16.0;
				MACOSX_DEPLOYMENT_TARGET = 13.0;
				MTL_ENABLE_DEBUG_INFO = NO;
				MTL_FAST_MATH = YES;
				SDKROOT = macosx;
				SWIFT_COMPILATION_MODE = wholemodule;
				SWIFT_OPTIMIZATION_LEVEL = "-O";
				WATCHOS_DEPLOYMENT_TARGET = 9.0;
			};
			name = Release;
		};
		4522AA8829E856550056D6BA /* Debug */ = {
			isa = XCBuildConfiguration;
			buildSettings = {
				ALWAYS_EMBED_SWIFT_STANDARD_LIBRARIES = YES;
				ASSETCATALOG_COMPILER_APPICON_NAME = AppIcon;
				ASSETCATALOG_COMPILER_GLOBAL_ACCENT_COLOR_NAME = AccentColor;
				CODE_SIGN_ENTITLEMENTS = Armed/Armed.entitlements;
				"CODE_SIGN_IDENTITY[sdk=macosx*]" = "Apple Development";
				CODE_SIGN_STYLE = Automatic;
				COMBINE_HIDPI_IMAGES = YES;
				CURRENT_PROJECT_VERSION = 3;
				DEVELOPMENT_ASSET_PATHS = "\"Armed/Preview Content\"";
				DEVELOPMENT_TEAM = 4538W4A79B;
				ENABLE_HARDENED_RUNTIME = YES;
				ENABLE_PREVIEWS = YES;
				GENERATE_INFOPLIST_FILE = YES;
				INFOPLIST_FILE = "Armed-macOS-Info.plist";
				INFOPLIST_KEY_CFBundleDisplayName = Armed;
				INFOPLIST_KEY_LSApplicationCategoryType = "public.app-category.utilities";
				INFOPLIST_KEY_NSCameraUsageDescription = "Required to capture photo of the intruder.";
				INFOPLIST_KEY_NSHumanReadableCopyright = "© Aayush Pokharel 2023";
				LD_RUNPATH_SEARCH_PATHS = (
					"$(inherited)",
					"@executable_path/../Frameworks",
				);
				MACOSX_DEPLOYMENT_TARGET = 13.0;
				MARKETING_VERSION = 1.01;
				PRODUCT_BUNDLE_IDENTIFIER = com.aayush.opensource.Armed;
				PRODUCT_NAME = "$(TARGET_NAME)";
				SWIFT_EMIT_LOC_STRINGS = YES;
				SWIFT_VERSION = 5.0;
			};
			name = Debug;
		};
		4522AA8929E856550056D6BA /* Release */ = {
			isa = XCBuildConfiguration;
			buildSettings = {
				ALWAYS_EMBED_SWIFT_STANDARD_LIBRARIES = YES;
				ASSETCATALOG_COMPILER_APPICON_NAME = AppIcon;
				ASSETCATALOG_COMPILER_GLOBAL_ACCENT_COLOR_NAME = AccentColor;
				CODE_SIGN_ENTITLEMENTS = Armed/Armed.entitlements;
				"CODE_SIGN_IDENTITY[sdk=macosx*]" = "Apple Development";
				CODE_SIGN_STYLE = Automatic;
				COMBINE_HIDPI_IMAGES = YES;
				CURRENT_PROJECT_VERSION = 3;
				DEVELOPMENT_ASSET_PATHS = "\"Armed/Preview Content\"";
				DEVELOPMENT_TEAM = 4538W4A79B;
				ENABLE_HARDENED_RUNTIME = YES;
				ENABLE_PREVIEWS = YES;
				GENERATE_INFOPLIST_FILE = YES;
				INFOPLIST_FILE = "Armed-macOS-Info.plist";
				INFOPLIST_KEY_CFBundleDisplayName = Armed;
				INFOPLIST_KEY_LSApplicationCategoryType = "public.app-category.utilities";
				INFOPLIST_KEY_NSCameraUsageDescription = "Required to capture photo of the intruder.";
				INFOPLIST_KEY_NSHumanReadableCopyright = "© Aayush Pokharel 2023";
				LD_RUNPATH_SEARCH_PATHS = (
					"$(inherited)",
					"@executable_path/../Frameworks",
				);
				MACOSX_DEPLOYMENT_TARGET = 13.0;
				MARKETING_VERSION = 1.01;
				PRODUCT_BUNDLE_IDENTIFIER = com.aayush.opensource.Armed;
				PRODUCT_NAME = "$(TARGET_NAME)";
				SWIFT_EMIT_LOC_STRINGS = YES;
				SWIFT_VERSION = 5.0;
			};
			name = Release;
		};
		454032C229FF7F1F00C8C08C /* Debug */ = {
			isa = XCBuildConfiguration;
			buildSettings = {
				ASSETCATALOG_COMPILER_APPICON_NAME = AppIcon;
				ASSETCATALOG_COMPILER_GLOBAL_ACCENT_COLOR_NAME = AccentColor;
				CODE_SIGN_ENTITLEMENTS = "Armed watchOS/Armed watchOS.entitlements";
				CODE_SIGN_STYLE = Automatic;
				CURRENT_PROJECT_VERSION = 1;
				DEVELOPMENT_ASSET_PATHS = "\"Armed watchOS/Preview Content\"";
				DEVELOPMENT_TEAM = 4538W4A79B;
				ENABLE_PREVIEWS = YES;
				GENERATE_INFOPLIST_FILE = YES;
				INFOPLIST_FILE = "";
				INFOPLIST_KEY_LSApplicationCategoryType = "";
				INFOPLIST_KEY_NSHumanReadableCopyright = "© Aayush Pokharel 2023";
				INFOPLIST_KEY_UISupportedInterfaceOrientations = "UIInterfaceOrientationPortrait UIInterfaceOrientationPortraitUpsideDown";
				INFOPLIST_KEY_WKCompanionAppBundleIdentifier = com.aayush.opensource.Armed;
				LD_RUNPATH_SEARCH_PATHS = (
					"$(inherited)",
					"@executable_path/Frameworks",
				);
				MARKETING_VERSION = 1.0;
				PRODUCT_BUNDLE_IDENTIFIER = com.aayush.opensource.Armed.watchkitapp;
				PRODUCT_NAME = Armed;
				SDKROOT = watchos;
				SKIP_INSTALL = YES;
				SWIFT_EMIT_LOC_STRINGS = YES;
				SWIFT_VERSION = 5.0;
				TARGETED_DEVICE_FAMILY = 4;
				WATCHOS_DEPLOYMENT_TARGET = 9.0;
			};
			name = Debug;
		};
		454032C329FF7F1F00C8C08C /* Release */ = {
			isa = XCBuildConfiguration;
			buildSettings = {
				ASSETCATALOG_COMPILER_APPICON_NAME = AppIcon;
				ASSETCATALOG_COMPILER_GLOBAL_ACCENT_COLOR_NAME = AccentColor;
				CODE_SIGN_ENTITLEMENTS = "Armed watchOS/Armed watchOS.entitlements";
				CODE_SIGN_STYLE = Automatic;
				CURRENT_PROJECT_VERSION = 1;
				DEVELOPMENT_ASSET_PATHS = "\"Armed watchOS/Preview Content\"";
				DEVELOPMENT_TEAM = 4538W4A79B;
				ENABLE_PREVIEWS = YES;
				GENERATE_INFOPLIST_FILE = YES;
				INFOPLIST_FILE = "";
				INFOPLIST_KEY_LSApplicationCategoryType = "";
				INFOPLIST_KEY_NSHumanReadableCopyright = "© Aayush Pokharel 2023";
				INFOPLIST_KEY_UISupportedInterfaceOrientations = "UIInterfaceOrientationPortrait UIInterfaceOrientationPortraitUpsideDown";
				INFOPLIST_KEY_WKCompanionAppBundleIdentifier = com.aayush.opensource.Armed;
				LD_RUNPATH_SEARCH_PATHS = (
					"$(inherited)",
					"@executable_path/Frameworks",
				);
				MARKETING_VERSION = 1.0;
				PRODUCT_BUNDLE_IDENTIFIER = com.aayush.opensource.Armed.watchkitapp;
				PRODUCT_NAME = Armed;
				SDKROOT = watchos;
				SKIP_INSTALL = YES;
				SWIFT_EMIT_LOC_STRINGS = YES;
				SWIFT_VERSION = 5.0;
				TARGETED_DEVICE_FAMILY = 4;
				VALIDATE_PRODUCT = YES;
				WATCHOS_DEPLOYMENT_TARGET = 9.0;
			};
			name = Release;
		};
		454B2D2129ED465800F8E1BA /* Debug */ = {
			isa = XCBuildConfiguration;
			buildSettings = {
				ASSETCATALOG_COMPILER_APPICON_NAME = AppIcon;
				ASSETCATALOG_COMPILER_GLOBAL_ACCENT_COLOR_NAME = AccentColor;
				CODE_SIGN_ENTITLEMENTS = "Armed iOS/Armed iOS.entitlements";
				CODE_SIGN_STYLE = Automatic;
				CURRENT_PROJECT_VERSION = 1;
				DEVELOPMENT_ASSET_PATHS = "\"Armed iOS/Preview Content\"";
				DEVELOPMENT_TEAM = 4538W4A79B;
				ENABLE_PREVIEWS = YES;
				GENERATE_INFOPLIST_FILE = YES;
				INFOPLIST_KEY_CFBundleDisplayName = Armed;
				INFOPLIST_KEY_LSApplicationCategoryType = "public.app-category.utilities";
				INFOPLIST_KEY_NSHumanReadableCopyright = "© Aayush Pokharel 2023";
				INFOPLIST_KEY_UIApplicationSceneManifest_Generation = YES;
				INFOPLIST_KEY_UIApplicationSupportsIndirectInputEvents = YES;
				INFOPLIST_KEY_UILaunchScreen_Generation = YES;
				INFOPLIST_KEY_UISupportedInterfaceOrientations_iPad = "UIInterfaceOrientationPortrait UIInterfaceOrientationPortraitUpsideDown UIInterfaceOrientationLandscapeLeft UIInterfaceOrientationLandscapeRight";
				INFOPLIST_KEY_UISupportedInterfaceOrientations_iPhone = "UIInterfaceOrientationPortrait UIInterfaceOrientationLandscapeLeft UIInterfaceOrientationLandscapeRight";
				IPHONEOS_DEPLOYMENT_TARGET = 16.0;
				LD_RUNPATH_SEARCH_PATHS = (
					"$(inherited)",
					"@executable_path/Frameworks",
				);
				MARKETING_VERSION = 1.0;
				PRODUCT_BUNDLE_IDENTIFIER = "com.aayush.opensource.Armed-iOS";
				PRODUCT_NAME = "$(TARGET_NAME)";
				SDKROOT = iphoneos;
				SUPPORTED_PLATFORMS = "iphoneos iphonesimulator";
				SUPPORTS_MACCATALYST = NO;
				SUPPORTS_MAC_DESIGNED_FOR_IPHONE_IPAD = NO;
				SWIFT_EMIT_LOC_STRINGS = YES;
				SWIFT_VERSION = 5.0;
				TARGETED_DEVICE_FAMILY = "1,2";
			};
			name = Debug;
		};
		454B2D2229ED465800F8E1BA /* Release */ = {
			isa = XCBuildConfiguration;
			buildSettings = {
				ASSETCATALOG_COMPILER_APPICON_NAME = AppIcon;
				ASSETCATALOG_COMPILER_GLOBAL_ACCENT_COLOR_NAME = AccentColor;
				CODE_SIGN_ENTITLEMENTS = "Armed iOS/Armed iOS.entitlements";
				CODE_SIGN_STYLE = Automatic;
				CURRENT_PROJECT_VERSION = 1;
				DEVELOPMENT_ASSET_PATHS = "\"Armed iOS/Preview Content\"";
				DEVELOPMENT_TEAM = 4538W4A79B;
				ENABLE_PREVIEWS = YES;
				GENERATE_INFOPLIST_FILE = YES;
				INFOPLIST_KEY_CFBundleDisplayName = Armed;
				INFOPLIST_KEY_LSApplicationCategoryType = "public.app-category.utilities";
				INFOPLIST_KEY_NSHumanReadableCopyright = "© Aayush Pokharel 2023";
				INFOPLIST_KEY_UIApplicationSceneManifest_Generation = YES;
				INFOPLIST_KEY_UIApplicationSupportsIndirectInputEvents = YES;
				INFOPLIST_KEY_UILaunchScreen_Generation = YES;
				INFOPLIST_KEY_UISupportedInterfaceOrientations_iPad = "UIInterfaceOrientationPortrait UIInterfaceOrientationPortraitUpsideDown UIInterfaceOrientationLandscapeLeft UIInterfaceOrientationLandscapeRight";
				INFOPLIST_KEY_UISupportedInterfaceOrientations_iPhone = "UIInterfaceOrientationPortrait UIInterfaceOrientationLandscapeLeft UIInterfaceOrientationLandscapeRight";
				IPHONEOS_DEPLOYMENT_TARGET = 16.0;
				LD_RUNPATH_SEARCH_PATHS = (
					"$(inherited)",
					"@executable_path/Frameworks",
				);
				MARKETING_VERSION = 1.0;
				PRODUCT_BUNDLE_IDENTIFIER = "com.aayush.opensource.Armed-iOS";
				PRODUCT_NAME = "$(TARGET_NAME)";
				SDKROOT = iphoneos;
				SUPPORTED_PLATFORMS = "iphoneos iphonesimulator";
				SUPPORTS_MACCATALYST = NO;
				SUPPORTS_MAC_DESIGNED_FOR_IPHONE_IPAD = NO;
				SWIFT_EMIT_LOC_STRINGS = YES;
				SWIFT_VERSION = 5.0;
				TARGETED_DEVICE_FAMILY = "1,2";
				VALIDATE_PRODUCT = YES;
			};
			name = Release;
		};
/* End XCBuildConfiguration section */

/* Begin XCConfigurationList section */
		4522AA7329E856540056D6BA /* Build configuration list for PBXProject "Armed" */ = {
			isa = XCConfigurationList;
			buildConfigurations = (
				4522AA8529E856550056D6BA /* Debug */,
				4522AA8629E856550056D6BA /* Release */,
			);
			defaultConfigurationIsVisible = 0;
			defaultConfigurationName = Release;
		};
		4522AA8729E856550056D6BA /* Build configuration list for PBXNativeTarget "Armed macOS" */ = {
			isa = XCConfigurationList;
			buildConfigurations = (
				4522AA8829E856550056D6BA /* Debug */,
				4522AA8929E856550056D6BA /* Release */,
			);
			defaultConfigurationIsVisible = 0;
			defaultConfigurationName = Release;
		};
		454032C129FF7F1F00C8C08C /* Build configuration list for PBXNativeTarget "Armed watchOS" */ = {
			isa = XCConfigurationList;
			buildConfigurations = (
				454032C229FF7F1F00C8C08C /* Debug */,
				454032C329FF7F1F00C8C08C /* Release */,
			);
			defaultConfigurationIsVisible = 0;
			defaultConfigurationName = Release;
		};
		454B2D2029ED465800F8E1BA /* Build configuration list for PBXNativeTarget "Armed iOS" */ = {
			isa = XCConfigurationList;
			buildConfigurations = (
				454B2D2129ED465800F8E1BA /* Debug */,
				454B2D2229ED465800F8E1BA /* Release */,
			);
			defaultConfigurationIsVisible = 0;
			defaultConfigurationName = Release;
		};
/* End XCConfigurationList section */

/* Begin XCRemoteSwiftPackageReference section */
		4544834F2A0AE2FB0080EA38 /* XCRemoteSwiftPackageReference "Defaults" */ = {
			isa = XCRemoteSwiftPackageReference;
			repositoryURL = "https://github.com/sindresorhus/Defaults.git";
			requirement = {
				branch = main;
				kind = branch;
			};
		};
/* End XCRemoteSwiftPackageReference section */

/* Begin XCSwiftPackageProductDependency section */
		454483502A0AE2FB0080EA38 /* Defaults */ = {
			isa = XCSwiftPackageProductDependency;
			package = 4544834F2A0AE2FB0080EA38 /* XCRemoteSwiftPackageReference "Defaults" */;
			productName = Defaults;
		};
		454483582A0B07B60080EA38 /* Defaults */ = {
			isa = XCSwiftPackageProductDependency;
			package = 4544834F2A0AE2FB0080EA38 /* XCRemoteSwiftPackageReference "Defaults" */;
			productName = Defaults;
		};
		4544835A2A0B07BA0080EA38 /* Defaults */ = {
			isa = XCSwiftPackageProductDependency;
			package = 4544834F2A0AE2FB0080EA38 /* XCRemoteSwiftPackageReference "Defaults" */;
			productName = Defaults;
		};
		454B2CA029EBDB4700F8E1BA /* MacControlCenterUI */ = {
			isa = XCSwiftPackageProductDependency;
			productName = MacControlCenterUI;
		};
		51E107AC2CA59C41000B164A /* Assets */ = {
			isa = XCSwiftPackageProductDependency;
			productName = Assets;
		};
		51E107AE2CA59C41000B164A /* BatteryClient */ = {
			isa = XCSwiftPackageProductDependency;
			productName = BatteryClient;
		};
		51E107B02CA59C41000B164A /* CameraClient */ = {
			isa = XCSwiftPackageProductDependency;
			productName = CameraClient;
		};
		51E107B22CA59C41000B164A /* PlayerClient */ = {
			isa = XCSwiftPackageProductDependency;
			productName = PlayerClient;
		};
		51E107B42CA59C41000B164A /* Shared */ = {
			isa = XCSwiftPackageProductDependency;
			productName = Shared;
		};
		51E107B62CA59C41000B164A /* UI */ = {
			isa = XCSwiftPackageProductDependency;
			productName = UI;
		};
/* End XCSwiftPackageProductDependency section */

/* Begin XCVersionGroup section */
		454B2CC729EC003D00F8E1BA /* ArmedModels.xcdatamodeld */ = {
			isa = XCVersionGroup;
			children = (
				454B2CC829EC003D00F8E1BA /* CloudImage.xcdatamodel */,
			);
			currentVersion = 454B2CC829EC003D00F8E1BA /* CloudImage.xcdatamodel */;
			path = ArmedModels.xcdatamodeld;
			sourceTree = "<group>";
			versionGroupType = wrapper.xcdatamodel;
		};
/* End XCVersionGroup section */
	};
	rootObject = 4522AA7029E856540056D6BA /* Project object */;
}
